// !$*UTF8*$!
{
	archiveVersion = 1;
	classes = {
	};
	objectVersion = 46;
	objects = {

/* Begin PBXBuildFile section */
		AA6ADDA117B777460095D371 /* AudioToolbox.framework in Frameworks */ = {isa = PBXBuildFile; fileRef = AA6ADDA017B777460095D371 /* AudioToolbox.framework */; };
		AA6ADDB717B829050095D371 /* AVFoundation.framework in Frameworks */ = {isa = PBXBuildFile; fileRef = AA6ADDB617B829050095D371 /* AVFoundation.framework */; };
		AA9150821792E9D3007017D0 /* UIKit.framework in Frameworks */ = {isa = PBXBuildFile; fileRef = AA9150811792E9D3007017D0 /* UIKit.framework */; };
		AA9150841792E9D3007017D0 /* Foundation.framework in Frameworks */ = {isa = PBXBuildFile; fileRef = AA9150831792E9D3007017D0 /* Foundation.framework */; };
		AA9150861792E9D3007017D0 /* CoreGraphics.framework in Frameworks */ = {isa = PBXBuildFile; fileRef = AA9150851792E9D3007017D0 /* CoreGraphics.framework */; };
/* End PBXBuildFile section */

/* Begin PBXFileReference section */
		AA00406617C926D500CA31AE /* AconBasis11.h */ = {isa = PBXFileReference; lastKnownFileType = sourcecode.c.h; name = AconBasis11.h; path = MyWheel/AconBasis11.h; sourceTree = SOURCE_ROOT; };
		AA00406717C926D500CA31AE /* AconBasis11.m */ = {isa = PBXFileReference; lastKnownFileType = sourcecode.c.objc; name = AconBasis11.m; path = MyWheel/AconBasis11.m; sourceTree = SOURCE_ROOT; };
		AA00406817C926D500CA31AE /* AppDelegate.h */ = {isa = PBXFileReference; lastKnownFileType = sourcecode.c.h; name = AppDelegate.h; path = MyWheel/AppDelegate.h; sourceTree = SOURCE_ROOT; };
		AA00406917C926D500CA31AE /* AppDelegate.m */ = {isa = PBXFileReference; lastKnownFileType = sourcecode.c.objc; name = AppDelegate.m; path = MyWheel/AppDelegate.m; sourceTree = SOURCE_ROOT; };
		AA00406A17C926D500CA31AE /* btnblau50.png */ = {isa = PBXFileReference; lastKnownFileType = image.png; name = btnblau50.png; path = MyWheel/btnblau50.png; sourceTree = SOURCE_ROOT; };
		AA00406B17C926D500CA31AE /* btnblau50@2x.png */ = {isa = PBXFileReference; lastKnownFileType = image.png; name = "btnblau50@2x.png"; path = "MyWheel/btnblau50@2x.png"; sourceTree = SOURCE_ROOT; };
		AA00406C17C926D500CA31AE /* BtnDown.m4a */ = {isa = PBXFileReference; lastKnownFileType = file; name = BtnDown.m4a; path = MyWheel/BtnDown.m4a; sourceTree = SOURCE_ROOT; };
		AA00406D17C926D500CA31AE /* BtnRed50.png */ = {isa = PBXFileReference; lastKnownFileType = image.png; name = BtnRed50.png; path = MyWheel/BtnRed50.png; sourceTree = SOURCE_ROOT; };
		AA00406E17C926D500CA31AE /* BtnUp.m4a */ = {isa = PBXFileReference; lastKnownFileType = file; name = BtnUp.m4a; path = MyWheel/BtnUp.m4a; sourceTree = SOURCE_ROOT; };
		AA00406F17C926D500CA31AE /* BtnUp.mp3 */ = {isa = PBXFileReference; lastKnownFileType = audio.mp3; name = BtnUp.mp3; path = MyWheel/BtnUp.mp3; sourceTree = SOURCE_ROOT; };
		AA00407017C926D500CA31AE /* cpw1k.jpg */ = {isa = PBXFileReference; lastKnownFileType = image.jpeg; name = cpw1k.jpg; path = MyWheel/cpw1k.jpg; sourceTree = SOURCE_ROOT; };
		AA00407117C926D500CA31AE /* Default-568h@2x.png */ = {isa = PBXFileReference; lastKnownFileType = image.png; name = "Default-568h@2x.png"; path = "MyWheel/Default-568h@2x.png"; sourceTree = SOURCE_ROOT; };
		AA00407217C926D500CA31AE /* Default.png */ = {isa = PBXFileReference; lastKnownFileType = image.png; name = Default.png; path = MyWheel/Default.png; sourceTree = SOURCE_ROOT; };
		AA00407317C926D500CA31AE /* Default@2x.png */ = {isa = PBXFileReference; lastKnownFileType = image.png; name = "Default@2x.png"; path = "MyWheel/Default@2x.png"; sourceTree = SOURCE_ROOT; };
		AA00407617C926D500CA31AE /* en */ = {isa = PBXFileReference; lastKnownFileType = text.plist.strings; name = en; path = InfoPlist.strings; sourceTree = "<group>"; };
		AA00407817C926D500CA31AE /* en */ = {isa = PBXFileReference; lastKnownFileType = file.storyboard; name = en; path = MainStoryboard.storyboard; sourceTree = "<group>"; };
		AA00407B17C926D500CA31AE /* grau6060.png */ = {isa = PBXFileReference; lastKnownFileType = image.png; name = grau6060.png; path = MyWheel/grau6060.png; sourceTree = SOURCE_ROOT; };
		AA00407C17C926D500CA31AE /* himmel6060.png */ = {isa = PBXFileReference; lastKnownFileType = image.png; name = himmel6060.png; path = MyWheel/himmel6060.png; sourceTree = SOURCE_ROOT; };
		AA00407D17C926D500CA31AE /* holz320548.png */ = {isa = PBXFileReference; lastKnownFileType = image.png; name = holz320548.png; path = MyWheel/holz320548.png; sourceTree = SOURCE_ROOT; };
		AA00407E17C926D500CA31AE /* iAconBlau5030.png */ = {isa = PBXFileReference; lastKnownFileType = image.png; name = iAconBlau5030.png; path = MyWheel/iAconBlau5030.png; sourceTree = SOURCE_ROOT; };
		AA00407F17C926D500CA31AE /* iAconBlau5030a.png */ = {isa = PBXFileReference; lastKnownFileType = image.png; name = iAconBlau5030a.png; path = MyWheel/iAconBlau5030a.png; sourceTree = SOURCE_ROOT; };
		AA00408017C926D500CA31AE /* iConiAcon857.png */ = {isa = PBXFileReference; lastKnownFileType = image.png; name = iConiAcon857.png; path = MyWheel/iConiAcon857.png; sourceTree = SOURCE_ROOT; };
		AA00408117C926D500CA31AE /* iConiAcon8114.png */ = {isa = PBXFileReference; lastKnownFileType = image.png; name = iConiAcon8114.png; path = MyWheel/iConiAcon8114.png; sourceTree = SOURCE_ROOT; };
		AA00408217C926D500CA31AE /* main.m */ = {isa = PBXFileReference; lastKnownFileType = sourcecode.c.objc; name = main.m; path = MyWheel/main.m; sourceTree = SOURCE_ROOT; };
		AA00408517C926D500CA31AE /* MyWheel-Info.plist */ = {isa = PBXFileReference; lastKnownFileType = text.plist.xml; name = "MyWheel-Info.plist"; path = "MyWheel/MyWheel-Info.plist"; sourceTree = SOURCE_ROOT; };
		AA00408617C926D500CA31AE /* MyWheel-Prefix.pch */ = {isa = PBXFileReference; lastKnownFileType = sourcecode.c.h; name = "MyWheel-Prefix.pch"; path = "MyWheel/MyWheel-Prefix.pch"; sourceTree = SOURCE_ROOT; };
		AA00408717C926D500CA31AE /* NamenEditViewController.h */ = {isa = PBXFileReference; lastKnownFileType = sourcecode.c.h; name = NamenEditViewController.h; path = MyWheel/NamenEditViewController.h; sourceTree = SOURCE_ROOT; };
		AA00408817C926D500CA31AE /* NamenEditViewController.m */ = {isa = PBXFileReference; lastKnownFileType = sourcecode.c.objc; name = NamenEditViewController.m; path = MyWheel/NamenEditViewController.m; sourceTree = SOURCE_ROOT; };
		AA00408917C926D500CA31AE /* ProfilEditViewController.h */ = {isa = PBXFileReference; lastKnownFileType = sourcecode.c.h; name = ProfilEditViewController.h; path = MyWheel/ProfilEditViewController.h; sourceTree = SOURCE_ROOT; };
		AA00408A17C926D500CA31AE /* ProfilEditViewController.m */ = {isa = PBXFileReference; lastKnownFileType = sourcecode.c.objc; name = ProfilEditViewController.m; path = MyWheel/ProfilEditViewController.m; sourceTree = SOURCE_ROOT; };
		AA00408B17C926D500CA31AE /* ProfileViewController.h */ = {isa = PBXFileReference; lastKnownFileType = sourcecode.c.h; name = ProfileViewController.h; path = MyWheel/ProfileViewController.h; sourceTree = SOURCE_ROOT; };
		AA00408C17C926D500CA31AE /* ProfileViewController.m */ = {isa = PBXFileReference; lastKnownFileType = sourcecode.c.objc; name = ProfileViewController.m; path = MyWheel/ProfileViewController.m; sourceTree = SOURCE_ROOT; };
		AA00408D17C926D500CA31AE /* StammViewController.h */ = {isa = PBXFileReference; lastKnownFileType = sourcecode.c.h; name = StammViewController.h; path = MyWheel/StammViewController.h; sourceTree = SOURCE_ROOT; };
		AA00408E17C926D500CA31AE /* StammViewController.m */ = {isa = PBXFileReference; lastKnownFileType = sourcecode.c.objc; name = StammViewController.m; path = MyWheel/StammViewController.m; sourceTree = SOURCE_ROOT; };
		AA00408F17C926D500CA31AE /* steine6060.png */ = {isa = PBXFileReference; lastKnownFileType = image.png; name = steine6060.png; path = MyWheel/steine6060.png; sourceTree = SOURCE_ROOT; };
		AA00409017C926D500CA31AE /* taste320600.png */ = {isa = PBXFileReference; lastKnownFileType = image.png; name = taste320600.png; path = MyWheel/taste320600.png; sourceTree = SOURCE_ROOT; };
		AA00409117C926D500CA31AE /* ViewController.h */ = {isa = PBXFileReference; lastKnownFileType = sourcecode.c.h; name = ViewController.h; path = MyWheel/ViewController.h; sourceTree = SOURCE_ROOT; };
		AA00409217C926D500CA31AE /* ViewController.m */ = {isa = PBXFileReference; lastKnownFileType = sourcecode.c.objc; name = ViewController.m; path = MyWheel/ViewController.m; sourceTree = SOURCE_ROOT; };
		AA00409317C926D500CA31AE /* VorlageCell.h */ = {isa = PBXFileReference; lastKnownFileType = sourcecode.c.h; name = VorlageCell.h; path = MyWheel/VorlageCell.h; sourceTree = SOURCE_ROOT; };
		AA00409417C926D500CA31AE /* VorlageCell.m */ = {isa = PBXFileReference; lastKnownFileType = sourcecode.c.objc; name = VorlageCell.m; path = MyWheel/VorlageCell.m; sourceTree = SOURCE_ROOT; };
		AA00409517C926D500CA31AE /* VorlagenWahlViewController.h */ = {isa = PBXFileReference; lastKnownFileType = sourcecode.c.h; name = VorlagenWahlViewController.h; path = MyWheel/VorlagenWahlViewController.h; sourceTree = SOURCE_ROOT; };
		AA00409617C926D500CA31AE /* VorlagenWahlViewController.m */ = {isa = PBXFileReference; lastKnownFileType = sourcecode.c.objc; name = VorlagenWahlViewController.m; path = MyWheel/VorlagenWahlViewController.m; sourceTree = SOURCE_ROOT; };
		AA00409717C926D500CA31AE /* wheelDraw.h */ = {isa = PBXFileReference; lastKnownFileType = sourcecode.c.h; name = wheelDraw.h; path = MyWheel/wheelDraw.h; sourceTree = SOURCE_ROOT; };
		AA00409817C926D500CA31AE /* wheelDraw.m */ = {isa = PBXFileReference; lastKnownFileType = sourcecode.c.objc; name = wheelDraw.m; path = MyWheel/wheelDraw.m; sourceTree = SOURCE_ROOT; };
		AA00409917C926D500CA31AE /* WheelImpressum.h */ = {isa = PBXFileReference; lastKnownFileType = sourcecode.c.h; name = WheelImpressum.h; path = MyWheel/WheelImpressum.h; sourceTree = SOURCE_ROOT; };
		AA00409A17C926D500CA31AE /* WheelImpressum.m */ = {isa = PBXFileReference; lastKnownFileType = sourcecode.c.objc; name = WheelImpressum.m; path = MyWheel/WheelImpressum.m; sourceTree = SOURCE_ROOT; };
		AA00409B17C926D500CA31AE /* WheelToolbox.h */ = {isa = PBXFileReference; lastKnownFileType = sourcecode.c.h; name = WheelToolbox.h; path = MyWheel/WheelToolbox.h; sourceTree = SOURCE_ROOT; };
		AA00409C17C926D500CA31AE /* WheelToolbox.m */ = {isa = PBXFileReference; lastKnownFileType = sourcecode.c.objc; name = WheelToolbox.m; path = MyWheel/WheelToolbox.m; sourceTree = SOURCE_ROOT; };
		AA6ADDA017B777460095D371 /* AudioToolbox.framework */ = {isa = PBXFileReference; lastKnownFileType = wrapper.framework; name = AudioToolbox.framework; path = System/Library/Frameworks/AudioToolbox.framework; sourceTree = SDKROOT; };
		AA6ADDB617B829050095D371 /* AVFoundation.framework */ = {isa = PBXFileReference; lastKnownFileType = wrapper.framework; name = AVFoundation.framework; path = System/Library/Frameworks/AVFoundation.framework; sourceTree = SDKROOT; };
		AA91507E1792E9D3007017D0 /* MyWheel.app */ = {isa = PBXFileReference; explicitFileType = wrapper.application; includeInIndex = 0; path = MyWheel.app; sourceTree = BUILT_PRODUCTS_DIR; };
		AA9150811792E9D3007017D0 /* UIKit.framework */ = {isa = PBXFileReference; lastKnownFileType = wrapper.framework; name = UIKit.framework; path = System/Library/Frameworks/UIKit.framework; sourceTree = SDKROOT; };
		AA9150831792E9D3007017D0 /* Foundation.framework */ = {isa = PBXFileReference; lastKnownFileType = wrapper.framework; name = Foundation.framework; path = System/Library/Frameworks/Foundation.framework; sourceTree = SDKROOT; };
		AA9150851792E9D3007017D0 /* CoreGraphics.framework */ = {isa = PBXFileReference; lastKnownFileType = wrapper.framework; name = CoreGraphics.framework; path = System/Library/Frameworks/CoreGraphics.framework; sourceTree = SDKROOT; };
/* End PBXFileReference section */

/* Begin PBXFrameworksBuildPhase section */
		AA91507B1792E9D3007017D0 /* Frameworks */ = {
			isa = PBXFrameworksBuildPhase;
			buildActionMask = 2147483647;
			files = (
				AA6ADDB717B829050095D371 /* AVFoundation.framework in Frameworks */,
				AA6ADDA117B777460095D371 /* AudioToolbox.framework in Frameworks */,
				AA9150821792E9D3007017D0 /* UIKit.framework in Frameworks */,
				AA9150841792E9D3007017D0 /* Foundation.framework in Frameworks */,
				AA9150861792E9D3007017D0 /* CoreGraphics.framework in Frameworks */,
			);
			runOnlyForDeploymentPostprocessing = 0;
		};
/* End PBXFrameworksBuildPhase section */

/* Begin PBXGroup section */
		AA00407417C926D500CA31AE /* en.lproj */ = {
			isa = PBXGroup;
			children = (
				AA00407517C926D500CA31AE /* InfoPlist.strings */,
				AA00407717C926D500CA31AE /* MainStoryboard.storyboard */,
			);
			name = en.lproj;
			path = MyWheel/en.lproj;
			sourceTree = SOURCE_ROOT;
		};
		AA00409D17C9276800CA31AE /* Classes */ = {
			isa = PBXGroup;
			children = (
				AA00409117C926D500CA31AE /* ViewController.h */,
				AA00409217C926D500CA31AE /* ViewController.m */,
				AA00409317C926D500CA31AE /* VorlageCell.h */,
				AA00409417C926D500CA31AE /* VorlageCell.m */,
				AA00409517C926D500CA31AE /* VorlagenWahlViewController.h */,
				AA00409617C926D500CA31AE /* VorlagenWahlViewController.m */,
				AA00409717C926D500CA31AE /* wheelDraw.h */,
				AA00409817C926D500CA31AE /* wheelDraw.m */,
				AA00409917C926D500CA31AE /* WheelImpressum.h */,
				AA00409A17C926D500CA31AE /* WheelImpressum.m */,
				AA00409B17C926D500CA31AE /* WheelToolbox.h */,
				AA00409C17C926D500CA31AE /* WheelToolbox.m */,
				AA00408717C926D500CA31AE /* NamenEditViewController.h */,
				AA00408817C926D500CA31AE /* NamenEditViewController.m */,
				AA00408917C926D500CA31AE /* ProfilEditViewController.h */,
				AA00408A17C926D500CA31AE /* ProfilEditViewController.m */,
				AA00408B17C926D500CA31AE /* ProfileViewController.h */,
				AA00408C17C926D500CA31AE /* ProfileViewController.m */,
				AA00408D17C926D500CA31AE /* StammViewController.h */,
				AA00408E17C926D500CA31AE /* StammViewController.m */,
				AA00406617C926D500CA31AE /* AconBasis11.h */,
				AA00406717C926D500CA31AE /* AconBasis11.m */,
				AA00406817C926D500CA31AE /* AppDelegate.h */,
				AA00406917C926D500CA31AE /* AppDelegate.m */,
			);
			name = Classes;
			sourceTree = "<group>";
		};
		AA9150751792E9D3007017D0 = {
			isa = PBXGroup;
			children = (
				AA9150871792E9D3007017D0 /* MyWheel */,
				AA9150801792E9D3007017D0 /* Frameworks */,
				AA91507F1792E9D3007017D0 /* Products */,
			);
			sourceTree = "<group>";
		};
		AA91507F1792E9D3007017D0 /* Products */ = {
			isa = PBXGroup;
			children = (
				AA91507E1792E9D3007017D0 /* MyWheel.app */,
			);
			name = Products;
			sourceTree = "<group>";
		};
		AA9150801792E9D3007017D0 /* Frameworks */ = {
			isa = PBXGroup;
			children = (
				AA6ADDB617B829050095D371 /* AVFoundation.framework */,
				AA6ADDA017B777460095D371 /* AudioToolbox.framework */,
				AA9150811792E9D3007017D0 /* UIKit.framework */,
				AA9150831792E9D3007017D0 /* Foundation.framework */,
				AA9150851792E9D3007017D0 /* CoreGraphics.framework */,
			);
			name = Frameworks;
			sourceTree = "<group>";
		};
		AA9150871792E9D3007017D0 /* MyWheel */ = {
			isa = PBXGroup;
			children = (
				AA00409D17C9276800CA31AE /* Classes */,
				AA00407417C926D500CA31AE /* en.lproj */,
				AA00408217C926D500CA31AE /* main.m */,
				AA00408517C926D500CA31AE /* MyWheel-Info.plist */,
				AA00408617C926D500CA31AE /* MyWheel-Prefix.pch */,
				AA00408F17C926D500CA31AE /* steine6060.png */,
				AA00409017C926D500CA31AE /* taste320600.png */,
				AA9150881792E9D3007017D0 /* Supporting Files */,
			);
			name = MyWheel;
			path = "grafik-test1";
			sourceTree = "<group>";
		};
		AA9150881792E9D3007017D0 /* Supporting Files */ = {
			isa = PBXGroup;
			children = (
				AA00406A17C926D500CA31AE /* btnblau50.png */,
				AA00406B17C926D500CA31AE /* btnblau50@2x.png */,
				AA00406C17C926D500CA31AE /* BtnDown.m4a */,
				AA00406D17C926D500CA31AE /* BtnRed50.png */,
				AA00406E17C926D500CA31AE /* BtnUp.m4a */,
				AA00406F17C926D500CA31AE /* BtnUp.mp3 */,
				AA00407017C926D500CA31AE /* cpw1k.jpg */,
				AA00407117C926D500CA31AE /* Default-568h@2x.png */,
				AA00407217C926D500CA31AE /* Default.png */,
				AA00407317C926D500CA31AE /* Default@2x.png */,
				AA00407B17C926D500CA31AE /* grau6060.png */,
				AA00407C17C926D500CA31AE /* himmel6060.png */,
				AA00407D17C926D500CA31AE /* holz320548.png */,
				AA00407E17C926D500CA31AE /* iAconBlau5030.png */,
				AA00407F17C926D500CA31AE /* iAconBlau5030a.png */,
				AA00408017C926D500CA31AE /* iConiAcon857.png */,
				AA00408117C926D500CA31AE /* iConiAcon8114.png */,
			);
			name = "Supporting Files";
			sourceTree = "<group>";
		};
/* End PBXGroup section */

/* Begin PBXNativeTarget section */
		AA91507D1792E9D3007017D0 /* MyWheel */ = {
			isa = PBXNativeTarget;
			buildConfigurationList = AA9150A11792E9D3007017D0 /* Build configuration list for PBXNativeTarget "MyWheel" */;
			buildPhases = (
				AA91507A1792E9D3007017D0 /* Sources */,
				AA91507B1792E9D3007017D0 /* Frameworks */,
				AA91507C1792E9D3007017D0 /* Resources */,
			);
			buildRules = (
			);
			dependencies = (
			);
			name = MyWheel;
			productName = "grafik-test1";
			productReference = AA91507E1792E9D3007017D0 /* MyWheel.app */;
			productType = "com.apple.product-type.application";
		};
/* End PBXNativeTarget section */

/* Begin PBXProject section */
		AA9150761792E9D3007017D0 /* Project object */ = {
			isa = PBXProject;
			attributes = {
				LastUpgradeCheck = 0460;
				ORGANIZATIONNAME = "PIU-PRINTEX";
			};
			buildConfigurationList = AA9150791792E9D3007017D0 /* Build configuration list for PBXProject "MyWheel" */;
			compatibilityVersion = "Xcode 3.2";
			developmentRegion = English;
			hasScannedForEncodings = 0;
			knownRegions = (
				en,
			);
			mainGroup = AA9150751792E9D3007017D0;
			productRefGroup = AA91507F1792E9D3007017D0 /* Products */;
			projectDirPath = "";
			projectRoot = "";
			targets = (
				AA91507D1792E9D3007017D0 /* MyWheel */,
			);
		};
/* End PBXProject section */

/* Begin PBXResourcesBuildPhase section */
		AA91507C1792E9D3007017D0 /* Resources */ = {
			isa = PBXResourcesBuildPhase;
			buildActionMask = 2147483647;
			files = (
			);
			runOnlyForDeploymentPostprocessing = 0;
		};
/* End PBXResourcesBuildPhase section */

/* Begin PBXSourcesBuildPhase section */
		AA91507A1792E9D3007017D0 /* Sources */ = {
			isa = PBXSourcesBuildPhase;
			buildActionMask = 2147483647;
			files = (
			);
			runOnlyForDeploymentPostprocessing = 0;
		};
/* End PBXSourcesBuildPhase section */

/* Begin PBXVariantGroup section */
		AA00407517C926D500CA31AE /* InfoPlist.strings */ = {
			isa = PBXVariantGroup;
			children = (
				AA00407617C926D500CA31AE /* en */,
			);
			name = InfoPlist.strings;
			sourceTree = "<group>";
		};
		AA00407717C926D500CA31AE /* MainStoryboard.storyboard */ = {
			isa = PBXVariantGroup;
			children = (
				AA00407817C926D500CA31AE /* en */,
			);
			name = MainStoryboard.storyboard;
			sourceTree = "<group>";
		};
/* End PBXVariantGroup section */

/* Begin XCBuildConfiguration section */
		AA91509F1792E9D3007017D0 /* Debug */ = {
			isa = XCBuildConfiguration;
			buildSettings = {
				ALWAYS_SEARCH_USER_PATHS = NO;
				CLANG_CXX_LANGUAGE_STANDARD = "gnu++0x";
				CLANG_CXX_LIBRARY = "libc++";
				CLANG_ENABLE_OBJC_ARC = YES;
				CLANG_WARN_CONSTANT_CONVERSION = YES;
				CLANG_WARN_EMPTY_BODY = YES;
				CLANG_WARN_ENUM_CONVERSION = YES;
				CLANG_WARN_INT_CONVERSION = YES;
				CLANG_WARN__DUPLICATE_METHOD_MATCH = YES;
				"CODE_SIGN_IDENTITY[sdk=iphoneos*]" = "iPhone Developer";
				COPY_PHASE_STRIP = NO;
				GCC_C_LANGUAGE_STANDARD = gnu99;
				GCC_DYNAMIC_NO_PIC = NO;
				GCC_OPTIMIZATION_LEVEL = 0;
				GCC_PREPROCESSOR_DEFINITIONS = (
					"DEBUG=1",
					"$(inherited)",
				);
				GCC_SYMBOLS_PRIVATE_EXTERN = NO;
				GCC_WARN_ABOUT_RETURN_TYPE = YES;
				GCC_WARN_UNINITIALIZED_AUTOS = YES;
				GCC_WARN_UNUSED_VARIABLE = YES;
				IPHONEOS_DEPLOYMENT_TARGET = 6.1;
				ONLY_ACTIVE_ARCH = YES;
				SDKROOT = iphoneos;
			};
			name = Debug;
		};
		AA9150A01792E9D3007017D0 /* Release */ = {
			isa = XCBuildConfiguration;
			buildSettings = {
				ALWAYS_SEARCH_USER_PATHS = NO;
				CLANG_CXX_LANGUAGE_STANDARD = "gnu++0x";
				CLANG_CXX_LIBRARY = "libc++";
				CLANG_ENABLE_OBJC_ARC = YES;
				CLANG_WARN_CONSTANT_CONVERSION = YES;
				CLANG_WARN_EMPTY_BODY = YES;
				CLANG_WARN_ENUM_CONVERSION = YES;
				CLANG_WARN_INT_CONVERSION = YES;
				CLANG_WARN__DUPLICATE_METHOD_MATCH = YES;
				"CODE_SIGN_IDENTITY[sdk=iphoneos*]" = "iPhone Developer";
				COPY_PHASE_STRIP = YES;
				GCC_C_LANGUAGE_STANDARD = gnu99;
				GCC_WARN_ABOUT_RETURN_TYPE = YES;
				GCC_WARN_UNINITIALIZED_AUTOS = YES;
				GCC_WARN_UNUSED_VARIABLE = YES;
				IPHONEOS_DEPLOYMENT_TARGET = 6.1;
				OTHER_CFLAGS = "-DNS_BLOCK_ASSERTIONS=1";
				SDKROOT = iphoneos;
				VALIDATE_PRODUCT = YES;
			};
			name = Release;
		};
		AA9150A21792E9D3007017D0 /* Debug */ = {
			isa = XCBuildConfiguration;
			buildSettings = {
				GCC_PRECOMPILE_PREFIX_HEADER = YES;
				GCC_PREFIX_HEADER = "grafik-test1/MyWheel-Prefix.pch";
				INFOPLIST_FILE = "$(SRCROOT)/MyWheel/MyWheel-Info.plist";
				PRODUCT_NAME = MyWheel;
				WRAPPER_EXTENSION = app;
			};
			name = Debug;
		};
		AA9150A31792E9D3007017D0 /* Release */ = {
			isa = XCBuildConfiguration;
			buildSettings = {
				GCC_PRECOMPILE_PREFIX_HEADER = YES;
				GCC_PREFIX_HEADER = "grafik-test1/MyWheel-Prefix.pch";
				INFOPLIST_FILE = "$(SRCROOT)/MyWheel/MyWheel-Info.plist";
				PRODUCT_NAME = MyWheel;
				WRAPPER_EXTENSION = app;
			};
			name = Release;
		};
/* End XCBuildConfiguration section */

/* Begin XCConfigurationList section */
		AA9150791792E9D3007017D0 /* Build configuration list for PBXProject "MyWheel" */ = {
			isa = XCConfigurationList;
			buildConfigurations = (
				AA91509F1792E9D3007017D0 /* Debug */,
				AA9150A01792E9D3007017D0 /* Release */,
			);
			defaultConfigurationIsVisible = 0;
			defaultConfigurationName = Release;
		};
		AA9150A11792E9D3007017D0 /* Build configuration list for PBXNativeTarget "MyWheel" */ = {
			isa = XCConfigurationList;
			buildConfigurations = (
				AA9150A21792E9D3007017D0 /* Debug */,
				AA9150A31792E9D3007017D0 /* Release */,
			);
			defaultConfigurationIsVisible = 0;
			defaultConfigurationName = Release;
		};
/* End XCConfigurationList section */
	};
	rootObject = AA9150761792E9D3007017D0 /* Project object */;
}
